{
    "name": "extension",
    "version": "1.0.0",
    "lockfileVersion": 3,
    "requires": true,
    "packages": {
        "": {
            "name": "extension",
            "version": "1.0.0",
            "license": "ISC",
            "dependencies": {
                "@mozilla/readability": "^0.5.0",
                "dompurify": "3.1.7",
                "marked": "14.1.4"
            }
        },
        "node_modules/@mozilla/readability": {
            "version": "0.5.0",
            "resolved": "https://registry.npmjs.org/@mozilla/readability/-/readability-0.5.0.tgz",
            "integrity": "sha512-Z+CZ3QaosfFaTqvhQsIktyGrjFjSC0Fa4EMph4mqKnWhmyoGICsV/8QK+8HpXut6zV7zwfWwqDmEjtk1Qf6EgQ==",
            "engines": {
                "node": ">=14.0.0"
            }
        },
        "node_modules/dompurify": {
            "version": "3.1.7",
            "resolved": "https://registry.npmjs.org/dompurify/-/dompurify-3.1.7.tgz",
            "integrity": "sha512-VaTstWtsneJY8xzy7DekmYWEOZcmzIe3Qb3zPd4STve1OBTa+e+WmS1ITQec1fZYXI3HCsOZZiSMpG6oxoWMWQ=="
        },
        "node_modules/marked": {
            "version": "14.1.4",
            "resolved": "https://registry.npmjs.org/marked/-/marked-14.1.4.tgz",
            "integrity": "sha512-vkVZ8ONmUdPnjCKc5uTRvmkRbx4EAi2OkTOXmfTDhZz3OFqMNBM1oTTWwTr4HY4uAEojhzPf+Fy8F1DWa3Sndg==",
            "bin": {
                "marked": "bin/marked.js"
            },
            "engines": {
                "node": ">= 18"
            }
        }
    }
}
